// !$*UTF8*$!
{
	archiveVersion = 1;
	classes = {
	};
	objectVersion = 56;
	objects = {

/* Begin PBXBuildFile section */
		BC855F432BFC7003005006D5 /* InstructionView.swift in Sources */ = {isa = PBXBuildFile; fileRef = BC855F422BFC7003005006D5 /* InstructionView.swift */; };
		BC855F452BFC99AA005006D5 /* ProgressManager.swift in Sources */ = {isa = PBXBuildFile; fileRef = BC855F442BFC99AA005006D5 /* ProgressManager.swift */; };
		BCAB1CC72BFD0804002004C8 /* StaticInstructionView.swift in Sources */ = {isa = PBXBuildFile; fileRef = BCAB1CC62BFD0804002004C8 /* StaticInstructionView.swift */; };
		BCAB1CC92BFD0887002004C8 /* UserProgressView.swift in Sources */ = {isa = PBXBuildFile; fileRef = BCAB1CC82BFD0887002004C8 /* UserProgressView.swift */; };
		BCBB46FA2BF867270059108F /* LocationDataManager.swift in Sources */ = {isa = PBXBuildFile; fileRef = BCBB46F92BF867270059108F /* LocationDataManager.swift */; };
		BCBB46FD2BF868F10059108F /* LocationTestView.swift in Sources */ = {isa = PBXBuildFile; fileRef = BCBB46FC2BF868F10059108F /* LocationTestView.swift */; };
		BCBB46FF2BF879E90059108F /* LocationViewModel.swift in Sources */ = {isa = PBXBuildFile; fileRef = BCBB46FE2BF879E90059108F /* LocationViewModel.swift */; };
		BCBB47012BF87A0B0059108F /* LocationTestTwoView.swift in Sources */ = {isa = PBXBuildFile; fileRef = BCBB47002BF87A0B0059108F /* LocationTestTwoView.swift */; };
		BCC344892BF75ECD00124C89 /* LocationCardView.swift in Sources */ = {isa = PBXBuildFile; fileRef = BCC344882BF75ECD00124C89 /* LocationCardView.swift */; };
		BCC3448B2BF75FF600124C89 /* CardBackground.swift in Sources */ = {isa = PBXBuildFile; fileRef = BCC3448A2BF75FF600124C89 /* CardBackground.swift */; };
		BCC3448E2BF769BE00124C89 /* LocationModel.swift in Sources */ = {isa = PBXBuildFile; fileRef = BCC3448D2BF769BE00124C89 /* LocationModel.swift */; };
		BCE2AC772C04201C006FEBC8 /* old_HomeView.swift in Sources */ = {isa = PBXBuildFile; fileRef = BCE2AC762C04201C006FEBC8 /* old_HomeView.swift */; };
		BCEC0A512BFB1CB300C622E5 /* CircularProgressView.swift in Sources */ = {isa = PBXBuildFile; fileRef = BCEC0A502BFB1CB300C622E5 /* CircularProgressView.swift */; };
		BCEC0A532BFB204200C622E5 /* CircularTestView.swift in Sources */ = {isa = PBXBuildFile; fileRef = BCEC0A522BFB204200C622E5 /* CircularTestView.swift */; };
		BCF2A1962BF375E400E480E8 /* nano-two Watch App.app in Embed Watch Content */ = {isa = PBXBuildFile; fileRef = BCF2A1952BF375E400E480E8 /* nano-two Watch App.app */; settings = {ATTRIBUTES = (RemoveHeadersOnCopy, ); }; };
		BCF2A19B2BF375E400E480E8 /* nano_twoApp.swift in Sources */ = {isa = PBXBuildFile; fileRef = BCF2A19A2BF375E400E480E8 /* nano_twoApp.swift */; };
		BCF2A19D2BF375E400E480E8 /* GameView.swift in Sources */ = {isa = PBXBuildFile; fileRef = BCF2A19C2BF375E400E480E8 /* GameView.swift */; };
		BCF2A19F2BF375E500E480E8 /* Assets.xcassets in Resources */ = {isa = PBXBuildFile; fileRef = BCF2A19E2BF375E500E480E8 /* Assets.xcassets */; };
		BCF2A1A22BF375E500E480E8 /* Preview Assets.xcassets in Resources */ = {isa = PBXBuildFile; fileRef = BCF2A1A12BF375E500E480E8 /* Preview Assets.xcassets */; };
		BCF785912BF661CA0044E7A1 /* HomeView.swift in Sources */ = {isa = PBXBuildFile; fileRef = BCF785902BF661CA0044E7A1 /* HomeView.swift */; };
		BCF785932BF726770044E7A1 /* DeitiesModel.swift in Sources */ = {isa = PBXBuildFile; fileRef = BCF785922BF726770044E7A1 /* DeitiesModel.swift */; };
/* End PBXBuildFile section */

/* Begin PBXContainerItemProxy section */
		BCF2A1972BF375E400E480E8 /* PBXContainerItemProxy */ = {
			isa = PBXContainerItemProxy;
			containerPortal = BCF2A1892BF375E400E480E8 /* Project object */;
			proxyType = 1;
			remoteGlobalIDString = BCF2A1942BF375E400E480E8;
			remoteInfo = "nano-two Watch App";
		};
/* End PBXContainerItemProxy section */

/* Begin PBXCopyFilesBuildPhase section */
		BCF2A1A82BF375E500E480E8 /* Embed Watch Content */ = {
			isa = PBXCopyFilesBuildPhase;
			buildActionMask = 2147483647;
			dstPath = "$(CONTENTS_FOLDER_PATH)/Watch";
			dstSubfolderSpec = 16;
			files = (
				BCF2A1962BF375E400E480E8 /* nano-two Watch App.app in Embed Watch Content */,
			);
			name = "Embed Watch Content";
			runOnlyForDeploymentPostprocessing = 0;
		};
/* End PBXCopyFilesBuildPhase section */

/* Begin PBXFileReference section */
		BC855F422BFC7003005006D5 /* InstructionView.swift */ = {isa = PBXFileReference; lastKnownFileType = sourcecode.swift; path = InstructionView.swift; sourceTree = "<group>"; };
		BC855F442BFC99AA005006D5 /* ProgressManager.swift */ = {isa = PBXFileReference; lastKnownFileType = sourcecode.swift; path = ProgressManager.swift; sourceTree = "<group>"; };
		BCAB1CC62BFD0804002004C8 /* StaticInstructionView.swift */ = {isa = PBXFileReference; lastKnownFileType = sourcecode.swift; path = StaticInstructionView.swift; sourceTree = "<group>"; };
		BCAB1CC82BFD0887002004C8 /* UserProgressView.swift */ = {isa = PBXFileReference; lastKnownFileType = sourcecode.swift; path = UserProgressView.swift; sourceTree = "<group>"; };
		BCBB46F92BF867270059108F /* LocationDataManager.swift */ = {isa = PBXFileReference; lastKnownFileType = sourcecode.swift; path = LocationDataManager.swift; sourceTree = "<group>"; };
		BCBB46FB2BF868080059108F /* nano-two-Watch-App-Info.plist */ = {isa = PBXFileReference; lastKnownFileType = text.plist; path = "nano-two-Watch-App-Info.plist"; sourceTree = SOURCE_ROOT; };
		BCBB46FC2BF868F10059108F /* LocationTestView.swift */ = {isa = PBXFileReference; lastKnownFileType = sourcecode.swift; path = LocationTestView.swift; sourceTree = "<group>"; };
		BCBB46FE2BF879E90059108F /* LocationViewModel.swift */ = {isa = PBXFileReference; lastKnownFileType = sourcecode.swift; path = LocationViewModel.swift; sourceTree = "<group>"; };
		BCBB47002BF87A0B0059108F /* LocationTestTwoView.swift */ = {isa = PBXFileReference; lastKnownFileType = sourcecode.swift; path = LocationTestTwoView.swift; sourceTree = "<group>"; };
		BCC344882BF75ECD00124C89 /* LocationCardView.swift */ = {isa = PBXFileReference; lastKnownFileType = sourcecode.swift; path = LocationCardView.swift; sourceTree = "<group>"; };
		BCC3448A2BF75FF600124C89 /* CardBackground.swift */ = {isa = PBXFileReference; lastKnownFileType = sourcecode.swift; path = CardBackground.swift; sourceTree = "<group>"; };
		BCC3448D2BF769BE00124C89 /* LocationModel.swift */ = {isa = PBXFileReference; lastKnownFileType = sourcecode.swift; path = LocationModel.swift; sourceTree = "<group>"; };
		BCE2AC762C04201C006FEBC8 /* old_HomeView.swift */ = {isa = PBXFileReference; lastKnownFileType = sourcecode.swift; path = old_HomeView.swift; sourceTree = "<group>"; };
		BCEC0A502BFB1CB300C622E5 /* CircularProgressView.swift */ = {isa = PBXFileReference; lastKnownFileType = sourcecode.swift; path = CircularProgressView.swift; sourceTree = "<group>"; };
		BCEC0A522BFB204200C622E5 /* CircularTestView.swift */ = {isa = PBXFileReference; lastKnownFileType = sourcecode.swift; path = CircularTestView.swift; sourceTree = "<group>"; };
		BCF2A18F2BF375E400E480E8 /* nano-two.app */ = {isa = PBXFileReference; explicitFileType = wrapper.application; includeInIndex = 0; path = "nano-two.app"; sourceTree = BUILT_PRODUCTS_DIR; };
		BCF2A1952BF375E400E480E8 /* nano-two Watch App.app */ = {isa = PBXFileReference; explicitFileType = wrapper.application; includeInIndex = 0; path = "nano-two Watch App.app"; sourceTree = BUILT_PRODUCTS_DIR; };
		BCF2A19A2BF375E400E480E8 /* nano_twoApp.swift */ = {isa = PBXFileReference; lastKnownFileType = sourcecode.swift; path = nano_twoApp.swift; sourceTree = "<group>"; };
		BCF2A19C2BF375E400E480E8 /* GameView.swift */ = {isa = PBXFileReference; lastKnownFileType = sourcecode.swift; path = GameView.swift; sourceTree = "<group>"; };
		BCF2A19E2BF375E500E480E8 /* Assets.xcassets */ = {isa = PBXFileReference; lastKnownFileType = folder.assetcatalog; path = Assets.xcassets; sourceTree = "<group>"; };
		BCF2A1A12BF375E500E480E8 /* Preview Assets.xcassets */ = {isa = PBXFileReference; lastKnownFileType = folder.assetcatalog; path = "Preview Assets.xcassets"; sourceTree = "<group>"; };
		BCF785902BF661CA0044E7A1 /* HomeView.swift */ = {isa = PBXFileReference; lastKnownFileType = sourcecode.swift; path = HomeView.swift; sourceTree = "<group>"; };
		BCF785922BF726770044E7A1 /* DeitiesModel.swift */ = {isa = PBXFileReference; lastKnownFileType = sourcecode.swift; path = DeitiesModel.swift; sourceTree = "<group>"; };
/* End PBXFileReference section */

/* Begin PBXFrameworksBuildPhase section */
		BCF2A1922BF375E400E480E8 /* Frameworks */ = {
			isa = PBXFrameworksBuildPhase;
			buildActionMask = 2147483647;
			files = (
			);
			runOnlyForDeploymentPostprocessing = 0;
		};
/* End PBXFrameworksBuildPhase section */

/* Begin PBXGroup section */
		BCC344862BF75C3400124C89 /* View */ = {
			isa = PBXGroup;
			children = (
				BCEC0A542BFB3D2D00C622E5 /* Testing */,
				BCE2AC762C04201C006FEBC8 /* old_HomeView.swift */,
				BCF785902BF661CA0044E7A1 /* HomeView.swift */,
				BCAB1CC82BFD0887002004C8 /* UserProgressView.swift */,
				BCF2A19C2BF375E400E480E8 /* GameView.swift */,
				BCEC0A502BFB1CB300C622E5 /* CircularProgressView.swift */,
				BC855F422BFC7003005006D5 /* InstructionView.swift */,
				BCAB1CC62BFD0804002004C8 /* StaticInstructionView.swift */,
				BCC344882BF75ECD00124C89 /* LocationCardView.swift */,
			);
			path = View;
			sourceTree = "<group>";
		};
		BCC344872BF75C4700124C89 /* Helper */ = {
			isa = PBXGroup;
			children = (
				BCBB46F92BF867270059108F /* LocationDataManager.swift */,
				BCC3448A2BF75FF600124C89 /* CardBackground.swift */,
				BC855F442BFC99AA005006D5 /* ProgressManager.swift */,
			);
			path = Helper;
			sourceTree = "<group>";
		};
		BCC3448C2BF7671700124C89 /* Model */ = {
			isa = PBXGroup;
			children = (
				BCF785922BF726770044E7A1 /* DeitiesModel.swift */,
				BCC3448D2BF769BE00124C89 /* LocationModel.swift */,
				BCBB46FE2BF879E90059108F /* LocationViewModel.swift */,
			);
			path = Model;
			sourceTree = "<group>";
		};
		BCEC0A542BFB3D2D00C622E5 /* Testing */ = {
			isa = PBXGroup;
			children = (
				BCEC0A522BFB204200C622E5 /* CircularTestView.swift */,
				BCBB46FC2BF868F10059108F /* LocationTestView.swift */,
				BCBB47002BF87A0B0059108F /* LocationTestTwoView.swift */,
			);
			path = Testing;
			sourceTree = "<group>";
		};
		BCF2A1882BF375E400E480E8 = {
			isa = PBXGroup;
			children = (
				BCF2A1992BF375E400E480E8 /* nano-two Watch App */,
				BCF2A1902BF375E400E480E8 /* Products */,
			);
			sourceTree = "<group>";
		};
		BCF2A1902BF375E400E480E8 /* Products */ = {
			isa = PBXGroup;
			children = (
				BCF2A18F2BF375E400E480E8 /* nano-two.app */,
				BCF2A1952BF375E400E480E8 /* nano-two Watch App.app */,
			);
			name = Products;
			sourceTree = "<group>";
		};
		BCF2A1992BF375E400E480E8 /* nano-two Watch App */ = {
			isa = PBXGroup;
			children = (
				BCBB46FB2BF868080059108F /* nano-two-Watch-App-Info.plist */,
				BCF2A19A2BF375E400E480E8 /* nano_twoApp.swift */,
				BCC3448C2BF7671700124C89 /* Model */,
				BCC344862BF75C3400124C89 /* View */,
				BCC344872BF75C4700124C89 /* Helper */,
				BCF2A19E2BF375E500E480E8 /* Assets.xcassets */,
				BCF2A1A02BF375E500E480E8 /* Preview Content */,
			);
			path = "nano-two Watch App";
			sourceTree = "<group>";
		};
		BCF2A1A02BF375E500E480E8 /* Preview Content */ = {
			isa = PBXGroup;
			children = (
				BCF2A1A12BF375E500E480E8 /* Preview Assets.xcassets */,
			);
			path = "Preview Content";
			sourceTree = "<group>";
		};
/* End PBXGroup section */

/* Begin PBXNativeTarget section */
		BCF2A18E2BF375E400E480E8 /* nano-two */ = {
			isa = PBXNativeTarget;
			buildConfigurationList = BCF2A1A92BF375E500E480E8 /* Build configuration list for PBXNativeTarget "nano-two" */;
			buildPhases = (
				BCF2A18D2BF375E400E480E8 /* Resources */,
				BCF2A1A82BF375E500E480E8 /* Embed Watch Content */,
			);
			buildRules = (
			);
			dependencies = (
				BCF2A1982BF375E400E480E8 /* PBXTargetDependency */,
			);
			name = "nano-two";
			productName = "nano-two";
			productReference = BCF2A18F2BF375E400E480E8 /* nano-two.app */;
			productType = "com.apple.product-type.application.watchapp2-container";
		};
		BCF2A1942BF375E400E480E8 /* nano-two Watch App */ = {
			isa = PBXNativeTarget;
			buildConfigurationList = BCF2A1A52BF375E500E480E8 /* Build configuration list for PBXNativeTarget "nano-two Watch App" */;
			buildPhases = (
				BCF2A1912BF375E400E480E8 /* Sources */,
				BCF2A1922BF375E400E480E8 /* Frameworks */,
				BCF2A1932BF375E400E480E8 /* Resources */,
			);
			buildRules = (
			);
			dependencies = (
			);
			name = "nano-two Watch App";
			productName = "nano-two Watch App";
			productReference = BCF2A1952BF375E400E480E8 /* nano-two Watch App.app */;
			productType = "com.apple.product-type.application";
		};
/* End PBXNativeTarget section */

/* Begin PBXProject section */
		BCF2A1892BF375E400E480E8 /* Project object */ = {
			isa = PBXProject;
			attributes = {
				BuildIndependentTargetsInParallel = 1;
				LastSwiftUpdateCheck = 1530;
				LastUpgradeCheck = 1530;
				TargetAttributes = {
					BCF2A18E2BF375E400E480E8 = {
						CreatedOnToolsVersion = 15.3;
					};
					BCF2A1942BF375E400E480E8 = {
						CreatedOnToolsVersion = 15.3;
					};
				};
			};
			buildConfigurationList = BCF2A18C2BF375E400E480E8 /* Build configuration list for PBXProject "nano-two" */;
			compatibilityVersion = "Xcode 14.0";
			developmentRegion = en;
			hasScannedForEncodings = 0;
			knownRegions = (
				en,
				Base,
			);
			mainGroup = BCF2A1882BF375E400E480E8;
			productRefGroup = BCF2A1902BF375E400E480E8 /* Products */;
			projectDirPath = "";
			projectRoot = "";
			targets = (
				BCF2A18E2BF375E400E480E8 /* nano-two */,
				BCF2A1942BF375E400E480E8 /* nano-two Watch App */,
			);
		};
/* End PBXProject section */

/* Begin PBXResourcesBuildPhase section */
		BCF2A18D2BF375E400E480E8 /* Resources */ = {
			isa = PBXResourcesBuildPhase;
			buildActionMask = 2147483647;
			files = (
			);
			runOnlyForDeploymentPostprocessing = 0;
		};
		BCF2A1932BF375E400E480E8 /* Resources */ = {
			isa = PBXResourcesBuildPhase;
			buildActionMask = 2147483647;
			files = (
				BCF2A1A22BF375E500E480E8 /* Preview Assets.xcassets in Resources */,
				BCF2A19F2BF375E500E480E8 /* Assets.xcassets in Resources */,
			);
			runOnlyForDeploymentPostprocessing = 0;
		};
/* End PBXResourcesBuildPhase section */

/* Begin PBXSourcesBuildPhase section */
		BCF2A1912BF375E400E480E8 /* Sources */ = {
			isa = PBXSourcesBuildPhase;
			buildActionMask = 2147483647;
			files = (
				BCF785912BF661CA0044E7A1 /* HomeView.swift in Sources */,
				BCF2A19D2BF375E400E480E8 /* GameView.swift in Sources */,
				BCAB1CC92BFD0887002004C8 /* UserProgressView.swift in Sources */,
				BCF2A19B2BF375E400E480E8 /* nano_twoApp.swift in Sources */,
				BCBB46FF2BF879E90059108F /* LocationViewModel.swift in Sources */,
				BC855F452BFC99AA005006D5 /* ProgressManager.swift in Sources */,
				BCBB46FD2BF868F10059108F /* LocationTestView.swift in Sources */,
				BCEC0A512BFB1CB300C622E5 /* CircularProgressView.swift in Sources */,
				BCC3448B2BF75FF600124C89 /* CardBackground.swift in Sources */,
				BCEC0A532BFB204200C622E5 /* CircularTestView.swift in Sources */,
				BCBB47012BF87A0B0059108F /* LocationTestTwoView.swift in Sources */,
				BCBB46FA2BF867270059108F /* LocationDataManager.swift in Sources */,
				BCAB1CC72BFD0804002004C8 /* StaticInstructionView.swift in Sources */,
				BCF785932BF726770044E7A1 /* DeitiesModel.swift in Sources */,
				BC855F432BFC7003005006D5 /* InstructionView.swift in Sources */,
				BCE2AC772C04201C006FEBC8 /* old_HomeView.swift in Sources */,
				BCC3448E2BF769BE00124C89 /* LocationModel.swift in Sources */,
				BCC344892BF75ECD00124C89 /* LocationCardView.swift in Sources */,
			);
			runOnlyForDeploymentPostprocessing = 0;
		};
/* End PBXSourcesBuildPhase section */

/* Begin PBXTargetDependency section */
		BCF2A1982BF375E400E480E8 /* PBXTargetDependency */ = {
			isa = PBXTargetDependency;
			target = BCF2A1942BF375E400E480E8 /* nano-two Watch App */;
			targetProxy = BCF2A1972BF375E400E480E8 /* PBXContainerItemProxy */;
		};
/* End PBXTargetDependency section */

/* Begin XCBuildConfiguration section */
		BCF2A1A32BF375E500E480E8 /* Debug */ = {
			isa = XCBuildConfiguration;
			buildSettings = {
				ALWAYS_SEARCH_USER_PATHS = NO;
				ASSETCATALOG_COMPILER_GENERATE_SWIFT_ASSET_SYMBOL_EXTENSIONS = YES;
				CLANG_ANALYZER_NONNULL = YES;
				CLANG_ANALYZER_NUMBER_OBJECT_CONVERSION = YES_AGGRESSIVE;
				CLANG_CXX_LANGUAGE_STANDARD = "gnu++20";
				CLANG_ENABLE_MODULES = YES;
				CLANG_ENABLE_OBJC_ARC = YES;
				CLANG_ENABLE_OBJC_WEAK = YES;
				CLANG_WARN_BLOCK_CAPTURE_AUTORELEASING = YES;
				CLANG_WARN_BOOL_CONVERSION = YES;
				CLANG_WARN_COMMA = YES;
				CLANG_WARN_CONSTANT_CONVERSION = YES;
				CLANG_WARN_DEPRECATED_OBJC_IMPLEMENTATIONS = YES;
				CLANG_WARN_DIRECT_OBJC_ISA_USAGE = YES_ERROR;
				CLANG_WARN_DOCUMENTATION_COMMENTS = YES;
				CLANG_WARN_EMPTY_BODY = YES;
				CLANG_WARN_ENUM_CONVERSION = YES;
				CLANG_WARN_INFINITE_RECURSION = YES;
				CLANG_WARN_INT_CONVERSION = YES;
				CLANG_WARN_NON_LITERAL_NULL_CONVERSION = YES;
				CLANG_WARN_OBJC_IMPLICIT_RETAIN_SELF = YES;
				CLANG_WARN_OBJC_LITERAL_CONVERSION = YES;
				CLANG_WARN_OBJC_ROOT_CLASS = YES_ERROR;
				CLANG_WARN_QUOTED_INCLUDE_IN_FRAMEWORK_HEADER = YES;
				CLANG_WARN_RANGE_LOOP_ANALYSIS = YES;
				CLANG_WARN_STRICT_PROTOTYPES = YES;
				CLANG_WARN_SUSPICIOUS_MOVE = YES;
				CLANG_WARN_UNGUARDED_AVAILABILITY = YES_AGGRESSIVE;
				CLANG_WARN_UNREACHABLE_CODE = YES;
				CLANG_WARN__DUPLICATE_METHOD_MATCH = YES;
				COPY_PHASE_STRIP = NO;
				DEBUG_INFORMATION_FORMAT = dwarf;
				ENABLE_STRICT_OBJC_MSGSEND = YES;
				ENABLE_TESTABILITY = YES;
				ENABLE_USER_SCRIPT_SANDBOXING = YES;
				GCC_C_LANGUAGE_STANDARD = gnu17;
				GCC_DYNAMIC_NO_PIC = NO;
				GCC_NO_COMMON_BLOCKS = YES;
				GCC_OPTIMIZATION_LEVEL = 0;
				GCC_PREPROCESSOR_DEFINITIONS = (
					"DEBUG=1",
					"$(inherited)",
				);
				GCC_WARN_64_TO_32_BIT_CONVERSION = YES;
				GCC_WARN_ABOUT_RETURN_TYPE = YES_ERROR;
				GCC_WARN_UNDECLARED_SELECTOR = YES;
				GCC_WARN_UNINITIALIZED_AUTOS = YES_AGGRESSIVE;
				GCC_WARN_UNUSED_FUNCTION = YES;
				GCC_WARN_UNUSED_VARIABLE = YES;
				LOCALIZATION_PREFERS_STRING_CATALOGS = YES;
				MTL_ENABLE_DEBUG_INFO = INCLUDE_SOURCE;
				MTL_FAST_MATH = YES;
				ONLY_ACTIVE_ARCH = YES;
				SWIFT_ACTIVE_COMPILATION_CONDITIONS = "DEBUG $(inherited)";
				SWIFT_OPTIMIZATION_LEVEL = "-Onone";
			};
			name = Debug;
		};
		BCF2A1A42BF375E500E480E8 /* Release */ = {
			isa = XCBuildConfiguration;
			buildSettings = {
				ALWAYS_SEARCH_USER_PATHS = NO;
				ASSETCATALOG_COMPILER_GENERATE_SWIFT_ASSET_SYMBOL_EXTENSIONS = YES;
				CLANG_ANALYZER_NONNULL = YES;
				CLANG_ANALYZER_NUMBER_OBJECT_CONVERSION = YES_AGGRESSIVE;
				CLANG_CXX_LANGUAGE_STANDARD = "gnu++20";
				CLANG_ENABLE_MODULES = YES;
				CLANG_ENABLE_OBJC_ARC = YES;
				CLANG_ENABLE_OBJC_WEAK = YES;
				CLANG_WARN_BLOCK_CAPTURE_AUTORELEASING = YES;
				CLANG_WARN_BOOL_CONVERSION = YES;
				CLANG_WARN_COMMA = YES;
				CLANG_WARN_CONSTANT_CONVERSION = YES;
				CLANG_WARN_DEPRECATED_OBJC_IMPLEMENTATIONS = YES;
				CLANG_WARN_DIRECT_OBJC_ISA_USAGE = YES_ERROR;
				CLANG_WARN_DOCUMENTATION_COMMENTS = YES;
				CLANG_WARN_EMPTY_BODY = YES;
				CLANG_WARN_ENUM_CONVERSION = YES;
				CLANG_WARN_INFINITE_RECURSION = YES;
				CLANG_WARN_INT_CONVERSION = YES;
				CLANG_WARN_NON_LITERAL_NULL_CONVERSION = YES;
				CLANG_WARN_OBJC_IMPLICIT_RETAIN_SELF = YES;
				CLANG_WARN_OBJC_LITERAL_CONVERSION = YES;
				CLANG_WARN_OBJC_ROOT_CLASS = YES_ERROR;
				CLANG_WARN_QUOTED_INCLUDE_IN_FRAMEWORK_HEADER = YES;
				CLANG_WARN_RANGE_LOOP_ANALYSIS = YES;
				CLANG_WARN_STRICT_PROTOTYPES = YES;
				CLANG_WARN_SUSPICIOUS_MOVE = YES;
				CLANG_WARN_UNGUARDED_AVAILABILITY = YES_AGGRESSIVE;
				CLANG_WARN_UNREACHABLE_CODE = YES;
				CLANG_WARN__DUPLICATE_METHOD_MATCH = YES;
				COPY_PHASE_STRIP = NO;
				DEBUG_INFORMATION_FORMAT = "dwarf-with-dsym";
				ENABLE_NS_ASSERTIONS = NO;
				ENABLE_STRICT_OBJC_MSGSEND = YES;
				ENABLE_USER_SCRIPT_SANDBOXING = YES;
				GCC_C_LANGUAGE_STANDARD = gnu17;
				GCC_NO_COMMON_BLOCKS = YES;
				GCC_WARN_64_TO_32_BIT_CONVERSION = YES;
				GCC_WARN_ABOUT_RETURN_TYPE = YES_ERROR;
				GCC_WARN_UNDECLARED_SELECTOR = YES;
				GCC_WARN_UNINITIALIZED_AUTOS = YES_AGGRESSIVE;
				GCC_WARN_UNUSED_FUNCTION = YES;
				GCC_WARN_UNUSED_VARIABLE = YES;
				LOCALIZATION_PREFERS_STRING_CATALOGS = YES;
				MTL_ENABLE_DEBUG_INFO = NO;
				MTL_FAST_MATH = YES;
				SWIFT_COMPILATION_MODE = wholemodule;
			};
			name = Release;
		};
		BCF2A1A62BF375E500E480E8 /* Debug */ = {
			isa = XCBuildConfiguration;
			buildSettings = {
				ASSETCATALOG_COMPILER_APPICON_NAME = AppIcon;
				ASSETCATALOG_COMPILER_GLOBAL_ACCENT_COLOR_NAME = AccentColor;
				CODE_SIGN_STYLE = Automatic;
				CURRENT_PROJECT_VERSION = 1;
				DEVELOPMENT_ASSET_PATHS = "\"nano-two Watch App/Preview Content\"";
				DEVELOPMENT_TEAM = P32FHW38R8;
				ENABLE_PREVIEWS = YES;
				GENERATE_INFOPLIST_FILE = YES;
				INFOPLIST_FILE = "nano-two-Watch-App-Info.plist";
				INFOPLIST_KEY_CFBundleDisplayName = "Deities Hunt";
				INFOPLIST_KEY_LSApplicationCategoryType = "";
				INFOPLIST_KEY_NSLocationWhenInUseUsageDescription = "App needs to access your location data to tell you your location";
				INFOPLIST_KEY_UISupportedInterfaceOrientations = "UIInterfaceOrientationPortrait UIInterfaceOrientationPortraitUpsideDown";
				INFOPLIST_KEY_WKWatchOnly = YES;
				LD_RUNPATH_SEARCH_PATHS = (
					"$(inherited)",
					"@executable_path/Frameworks",
				);
				MARKETING_VERSION = 1.0;
				PRODUCT_BUNDLE_IDENTIFIER = "Nafis.nano-two.watchkitapp";
				PRODUCT_NAME = "$(TARGET_NAME)";
				SDKROOT = watchos;
				SKIP_INSTALL = YES;
				SWIFT_EMIT_LOC_STRINGS = YES;
				SWIFT_VERSION = 5.0;
				TARGETED_DEVICE_FAMILY = 4;
				WATCHOS_DEPLOYMENT_TARGET = 10.4;
			};
			name = Debug;
		};
		BCF2A1A72BF375E500E480E8 /* Release */ = {
			isa = XCBuildConfiguration;
			buildSettings = {
				ASSETCATALOG_COMPILER_APPICON_NAME = AppIcon;
				ASSETCATALOG_COMPILER_GLOBAL_ACCENT_COLOR_NAME = AccentColor;
				CODE_SIGN_STYLE = Automatic;
				CURRENT_PROJECT_VERSION = 1;
				DEVELOPMENT_ASSET_PATHS = "\"nano-two Watch App/Preview Content\"";
				DEVELOPMENT_TEAM = P32FHW38R8;
				ENABLE_PREVIEWS = YES;
				GENERATE_INFOPLIST_FILE = YES;
				INFOPLIST_FILE = "nano-two-Watch-App-Info.plist";
				INFOPLIST_KEY_CFBundleDisplayName = "Deities Hunt";
				INFOPLIST_KEY_LSApplicationCategoryType = "";
				INFOPLIST_KEY_NSLocationWhenInUseUsageDescription = "App needs to access your location data to tell you your location";
				INFOPLIST_KEY_UISupportedInterfaceOrientations = "UIInterfaceOrientationPortrait UIInterfaceOrientationPortraitUpsideDown";
				INFOPLIST_KEY_WKWatchOnly = YES;
				LD_RUNPATH_SEARCH_PATHS = (
					"$(inherited)",
					"@executable_path/Frameworks",
				);
				MARKETING_VERSION = 1.0;
				PRODUCT_BUNDLE_IDENTIFIER = "Nafis.nano-two.watchkitapp";
				PRODUCT_NAME = "$(TARGET_NAME)";
				SDKROOT = watchos;
				SKIP_INSTALL = YES;
				SWIFT_EMIT_LOC_STRINGS = YES;
				SWIFT_VERSION = 5.0;
				TARGETED_DEVICE_FAMILY = 4;
				VALIDATE_PRODUCT = YES;
				WATCHOS_DEPLOYMENT_TARGET = 10.4;
			};
			name = Release;
		};
		BCF2A1AA2BF375E500E480E8 /* Debug */ = {
			isa = XCBuildConfiguration;
			buildSettings = {
				ALWAYS_EMBED_SWIFT_STANDARD_LIBRARIES = YES;
				CODE_SIGN_STYLE = Automatic;
				CURRENT_PROJECT_VERSION = 1;
				DEVELOPMENT_TEAM = P32FHW38R8;
				INFOPLIST_KEY_CFBundleDisplayName = "nano-two";
				MARKETING_VERSION = 1.0;
				PRODUCT_BUNDLE_IDENTIFIER = "Nafis.nano-two";
				PRODUCT_NAME = "$(TARGET_NAME)";
				SDKROOT = iphoneos;
				SWIFT_VERSION = 5.0;
			};
			name = Debug;
		};
		BCF2A1AB2BF375E500E480E8 /* Release */ = {
			isa = XCBuildConfiguration;
			buildSettings = {
				ALWAYS_EMBED_SWIFT_STANDARD_LIBRARIES = YES;
				CODE_SIGN_STYLE = Automatic;
				CURRENT_PROJECT_VERSION = 1;
				DEVELOPMENT_TEAM = P32FHW38R8;
				INFOPLIST_KEY_CFBundleDisplayName = "nano-two";
				MARKETING_VERSION = 1.0;
				PRODUCT_BUNDLE_IDENTIFIER = "Nafis.nano-two";
				PRODUCT_NAME = "$(TARGET_NAME)";
				SDKROOT = iphoneos;
				SWIFT_VERSION = 5.0;
				VALIDATE_PRODUCT = YES;
			};
			name = Release;
		};
/* End XCBuildConfiguration section */

/* Begin XCConfigurationList section */
		BCF2A18C2BF375E400E480E8 /* Build configuration list for PBXProject "nano-two" */ = {
			isa = XCConfigurationList;
			buildConfigurations = (
				BCF2A1A32BF375E500E480E8 /* Debug */,
				BCF2A1A42BF375E500E480E8 /* Release */,
			);
			defaultConfigurationIsVisible = 0;
			defaultConfigurationName = Release;
		};
		BCF2A1A52BF375E500E480E8 /* Build configuration list for PBXNativeTarget "nano-two Watch App" */ = {
			isa = XCConfigurationList;
			buildConfigurations = (
				BCF2A1A62BF375E500E480E8 /* Debug */,
				BCF2A1A72BF375E500E480E8 /* Release */,
			);
			defaultConfigurationIsVisible = 0;
			defaultConfigurationName = Release;
		};
		BCF2A1A92BF375E500E480E8 /* Build configuration list for PBXNativeTarget "nano-two" */ = {
			isa = XCConfigurationList;
			buildConfigurations = (
				BCF2A1AA2BF375E500E480E8 /* Debug */,
				BCF2A1AB2BF375E500E480E8 /* Release */,
			);
			defaultConfigurationIsVisible = 0;
			defaultConfigurationName = Release;
		};
/* End XCConfigurationList section */
	};
	rootObject = BCF2A1892BF375E400E480E8 /* Project object */;
}
